{
    "name": "ion-rangeslider",
    "version": "2.3.1",
    "lockfileVersion": 3,
    "requires": true,
    "packages": {
        "": {
            "name": "ion-rangeslider",
            "version": "2.3.1",
            "license": "MIT",
            "devDependencies": {
                "@playwright/test": "^1.62.1",
                "acorn": "^8.15.0",
                "clean-css": "5.3.3",
                "jquery": "3.7.1",
                "jquery-1.11.3": "npm:jquery@1.11.3",
                "jquery-1.12.4": "npm:jquery@1.12.4",
                "jquery-2.1.4": "npm:jquery@2.1.4",
                "jquery-2.2.4": "npm:jquery@2.2.4",
                "jquery-3.0.0": "npm:jquery@3.0.0",
                "jquery-3.1.1": "npm:jquery@3.1.1",
                "jquery-3.2.1": "npm:jquery@3.2.1",
                "jquery-3.3.1": "npm:jquery@3.3.1",
                "jquery-3.4.1": "npm:jquery@3.4.1",
                "jquery-3.5.1": "npm:jquery@3.5.1",
                "jquery-3.6.4": "npm:jquery@3.6.4",
                "jquery-3.7.1": "npm:jquery@3.7.1",
                "jquery-4.0.0": "npm:jquery@4.0.0",
                "jsdom": "^26.1.0",
                "less": "4.9.0",
                "uglify-js": "3.19.3"
            },
            "peerDependencies": {
                "jquery": ">=1.8"
            }
        },
        "node_modules/@asamuzakjp/css-color": {
            "version": "3.2.0",
            "resolved": "https://registry.npmjs.org/@asamuzakjp/css-color/-/css-color-3.2.0.tgz",
            "integrity": "sha512-K1A6z8tS3XsmCMM86xoWdn7Fkdn9m6RSVtocUrJYIwZnFVkng/PvkEoWtOWmP+Scc6saYWHWZYbndEEXxl24jw==",
            "dev": true,
            "license": "MIT",
            "dependencies": {
                "@csstools/css-calc": "^2.1.3",
                "@csstools/css-color-parser": "^3.0.9",
                "@csstools/css-parser-algorithms": "^3.0.4",
                "@csstools/css-tokenizer": "^3.0.3",
                "lru-cache": "^10.4.3"
            }
        },
        "node_modules/@csstools/color-helpers": {
            "version": "5.1.0",
            "resolved": "https://registry.npmjs.org/@csstools/color-helpers/-/color-helpers-5.1.0.tgz",
            "integrity": "sha512-S11EXWJyy0Mz5SYvRmY8nJYTFFd1LCNV+7cXyAgQtOOuzb4EsgfqDufL+9esx72/eLhsRdGZwaldu/h+E4t4BA==",
            "dev": true,
            "funding": [
                {
                    "type": "github",
                    "url": "https://github.com/sponsors/csstools"
                },
                {
                    "type": "opencollective",
                    "url": "https://opencollective.com/csstools"
                }
            ],
            "license": "MIT-0",
            "engines": {
                "node": ">=18"
            }
        },
        "node_modules/@csstools/css-calc": {
            "version": "2.1.4",
            "resolved": "https://registry.npmjs.org/@csstools/css-calc/-/css-calc-2.1.4.tgz",
            "integrity": "sha512-3N8oaj+0juUw/1H3YwmDDJXCgTB1gKU6Hc/bB502u9zR0q2vd786XJH9QfrKIEgFlZmhZiq6epXl4rHqhzsIgQ==",
            "dev": true,
            "funding": [
                {
                    "type": "github",
                    "url": "https://github.com/sponsors/csstools"
                },
                {
                    "type": "opencollective",
                    "url": "https://opencollective.com/csstools"
                }
            ],
            "license": "MIT",
            "engines": {
                "node": ">=18"
            },
            "peerDependencies": {
                "@csstools/css-parser-algorithms": "^3.0.5",
                "@csstools/css-tokenizer": "^3.0.4"
            }
        },
        "node_modules/@csstools/css-color-parser": {
            "version": "3.1.0",
            "resolved": "https://registry.npmjs.org/@csstools/css-color-parser/-/css-color-parser-3.1.0.tgz",
            "integrity": "sha512-nbtKwh3a6xNVIp/VRuXV64yTKnb1IjTAEEh3irzS+HkKjAOYLTGNb9pmVNntZ8iVBHcWDA2Dof0QtPgFI1BaTA==",
            "dev": true,
            "funding": [
                {
                    "type": "github",
                    "url": "https://github.com/sponsors/csstools"
                },
                {
                    "type": "opencollective",
                    "url": "https://opencollective.com/csstools"
                }
            ],
            "license": "MIT",
            "dependencies": {
                "@csstools/color-helpers": "^5.1.0",
                "@csstools/css-calc": "^2.1.4"
            },
            "engines": {
                "node": ">=18"
            },
            "peerDependencies": {
                "@csstools/css-parser-algorithms": "^3.0.5",
                "@csstools/css-tokenizer": "^3.0.4"
            }
        },
        "node_modules/@csstools/css-parser-algorithms": {
            "version": "3.0.5",
            "resolved": "https://registry.npmjs.org/@csstools/css-parser-algorithms/-/css-parser-algorithms-3.0.5.tgz",
            "integrity": "sha512-DaDeUkXZKjdGhgYaHNJTV9pV7Y9B3b644jCLs9Upc3VeNGg6LWARAT6O+Q+/COo+2gg/bM5rhpMAtf70WqfBdQ==",
            "dev": true,
            "funding": [
                {
                    "type": "github",
                    "url": "https://github.com/sponsors/csstools"
                },
                {
                    "type": "opencollective",
                    "url": "https://opencollective.com/csstools"
                }
            ],
            "license": "MIT",
            "engines": {
                "node": ">=18"
            },
            "peerDependencies": {
                "@csstools/css-tokenizer": "^3.0.4"
            }
        },
        "node_modules/@csstools/css-tokenizer": {
            "version": "3.0.4",
            "resolved": "https://registry.npmjs.org/@csstools/css-tokenizer/-/css-tokenizer-3.0.4.tgz",
            "integrity": "sha512-Vd/9EVDiu6PPJt9yAh6roZP6El1xHrdvIVGjyBsHR0RYwNHgL7FJPyIIW4fANJNG6FtyZfvlRPpFI4ZM/lubvw==",
            "dev": true,
            "funding": [
                {
                    "type": "github",
                    "url": "https://github.com/sponsors/csstools"
                },
                {
                    "type": "opencollective",
                    "url": "https://opencollective.com/csstools"
                }
            ],
            "license": "MIT",
            "engines": {
                "node": ">=18"
            }
        },
        "node_modules/@playwright/test": {
            "version": "1.62.1",
            "resolved": "https://registry.npmjs.org/@playwright/test/-/test-1.62.1.tgz",
            "integrity": "sha512-DTcUc8qii+cpHvtOwggMtBRMjKZHXYWdw8syRYu2vtzuq4Wxphqq4NfCs5Zt44L6mA8rfDfj+PHnxFc/FeK6mQ==",
            "dev": true,
            "license": "Apache-2.0",
            "dependencies": {
                "playwright": "1.62.1"
            },
            "bin": {
                "playwright": "cli.js"
            },
            "engines": {
                "node": ">=20"
            }
        },
        "node_modules/acorn": {
            "version": "8.18.0",
            "resolved": "https://registry.npmjs.org/acorn/-/acorn-8.18.0.tgz",
            "integrity": "sha512-lGq+9yr1/GuAWaVYIHRjvvySG5/4VfKIvC8EWxStPdcDh/Ka7FG3twP6v4d5BkravUilhIAsG4Qj83t02LWUPQ==",
            "dev": true,
            "license": "MIT",
            "bin": {
                "acorn": "bin/acorn"
            },
            "engines": {
                "node": ">=0.4.0"
            }
        },
        "node_modules/agent-base": {
            "version": "7.1.4",
            "resolved": "https://registry.npmjs.org/agent-base/-/agent-base-7.1.4.tgz",
            "integrity": "sha512-MnA+YT8fwfJPgBx3m60MNqakm30XOkyIoH1y6huTQvC0PwZG7ki8NacLBcrPbNoo8vEZy7Jpuk7+jMO+CUovTQ==",
            "dev": true,
            "license": "MIT",
            "engines": {
                "node": ">= 14"
            }
        },
        "node_modules/clean-css": {
            "version": "5.3.3",
            "resolved": "https://registry.npmjs.org/clean-css/-/clean-css-5.3.3.tgz",
            "integrity": "sha512-D5J+kHaVb/wKSFcyyV75uCn8fiY4sV38XJoe4CUyGQ+mOU/fMVYUdH1hJC+CJQ5uY3EnW27SbJYS4X8BiLrAFg==",
            "dev": true,
            "license": "MIT",
            "dependencies": {
                "source-map": "~0.6.0"
            },
            "engines": {
                "node": ">= 10.0"
            }
        },
        "node_modules/copy-anything": {
            "version": "3.0.5",
            "resolved": "https://registry.npmjs.org/copy-anything/-/copy-anything-3.0.5.tgz",
            "integrity": "sha512-yCEafptTtb4bk7GLEQoM8KVJpxAfdBJYaXyzQEgQQQgYrZiDp8SJmGKlYza6CYjEDNstAdNdKA3UuoULlEbS6w==",
            "dev": true,
            "license": "MIT",
            "dependencies": {
                "is-what": "^4.1.8"
            },
            "engines": {
                "node": ">=12.13"
            },
            "funding": {
                "url": "https://github.com/sponsors/mesqueeb"
            }
        },
        "node_modules/cssstyle": {
            "version": "4.6.0",
            "resolved": "https://registry.npmjs.org/cssstyle/-/cssstyle-4.6.0.tgz",
            "integrity": "sha512-2z+rWdzbbSZv6/rhtvzvqeZQHrBaqgogqt85sqFNbabZOuFbCVFb8kPeEtZjiKkbrm395irpNKiYeFeLiQnFPg==",
            "dev": true,
            "license": "MIT",
            "dependencies": {
                "@asamuzakjp/css-color": "^3.2.0",
                "rrweb-cssom": "^0.8.0"
            },
            "engines": {
                "node": ">=18"
            }
        },
        "node_modules/data-urls": {
            "version": "5.0.0",
            "resolved": "https://registry.npmjs.org/data-urls/-/data-urls-5.0.0.tgz",
            "integrity": "sha512-ZYP5VBHshaDAiVZxjbRVcFJpc+4xGgT0bK3vzy1HLN8jTO975HEbuYzZJcHoQEY5K1a0z8YayJkyVETa08eNTg==",
            "dev": true,
            "license": "MIT",
            "dependencies": {
                "whatwg-mimetype": "^4.0.0",
                "whatwg-url": "^14.0.0"
            },
            "engines": {
                "node": ">=18"
            }
        },
        "node_modules/debug": {
            "version": "2.6.9",
            "resolved": "https://registry.npmjs.org/debug/-/debug-2.6.9.tgz",
            "integrity": "sha512-bC7ElrdJaJnPbAP+1EotYvqZsb3ecl5wi6Bfi6BJTUcNowp6cvspg0jXznRTKDjm/E7AdgFBVeAPVMNcKGsHMA==",
            "dev": true,
            "license": "MIT",
            "optional": true,
            "dependencies": {
                "ms": "2.0.0"
            }
        },
        "node_modules/decimal.js": {
            "version": "10.6.0",
            "resolved": "https://registry.npmjs.org/decimal.js/-/decimal.js-10.6.0.tgz",
            "integrity": "sha512-YpgQiITW3JXGntzdUmyUR1V812Hn8T1YVXhCu+wO3OpS4eU9l4YdD3qjyiKdV6mvV29zapkMeD390UVEf2lkUg==",
            "dev": true,
            "license": "MIT"
        },
        "node_modules/entities": {
            "version": "6.0.1",
            "resolved": "https://registry.npmjs.org/entities/-/entities-6.0.1.tgz",
            "integrity": "sha512-aN97NXWF6AWBTahfVOIrB/NShkzi5H7F9r1s9mD3cDj4Ko5f2qhhVoYMibXF7GlLveb/D2ioWay8lxI97Ven3g==",
            "dev": true,
            "license": "BSD-2-Clause",
            "engines": {
                "node": ">=0.12"
            },
            "funding": {
                "url": "https://github.com/fb55/entities?sponsor=1"
            }
        },
        "node_modules/errno": {
            "version": "0.1.8",
            "resolved": "https://registry.npmjs.org/errno/-/errno-0.1.8.tgz",
            "integrity": "sha512-dJ6oBr5SQ1VSd9qkk7ByRgb/1SH4JZjCHSW/mr63/QcXO9zLVxvJ6Oy13nio03rxpSnVDDjFor75SjVeZWPW/A==",
            "dev": true,
            "license": "MIT",
            "optional": true,
            "dependencies": {
                "prr": "~1.0.1"
            },
            "bin": {
                "errno": "cli.js"
            }
        },
        "node_modules/fsevents": {
            "version": "2.3.2",
            "resolved": "https://registry.npmjs.org/fsevents/-/fsevents-2.3.2.tgz",
            "integrity": "sha512-xiqMQR4xAeHTuB9uWm+fFRcIOgKBMiOBP+eXiyT7jsgVCq1bkVygt00oASowB7EdtpOHaaPgKt812P9ab+DDKA==",
            "dev": true,
            "hasInstallScript": true,
            "license": "MIT",
            "optional": true,
            "os": [
                "darwin"
            ],
            "engines": {
                "node": "^8.16.0 || ^10.6.0 || >=11.0.0"
            }
        },
        "node_modules/graceful-fs": {
            "version": "4.2.11",
            "resolved": "https://registry.npmjs.org/graceful-fs/-/graceful-fs-4.2.11.tgz",
            "integrity": "sha512-RbJ5/jmFcNNCcDV5o9eTnBLJ/HszWV0P73bc+Ff4nS/rJj+YaS6IGyiOL0VoBYX+l1Wrl3k63h/KrH+nhJ0XvQ==",
            "dev": true,
            "license": "ISC",
            "optional": true
        },
        "node_modules/html-encoding-sniffer": {
            "version": "4.0.0",
            "resolved": "https://registry.npmjs.org/html-encoding-sniffer/-/html-encoding-sniffer-4.0.0.tgz",
            "integrity": "sha512-Y22oTqIU4uuPgEemfz7NDJz6OeKf12Lsu+QC+s3BVpda64lTiMYCyGwg5ki4vFxkMwQdeZDl2adZoqUgdFuTgQ==",
            "dev": true,
            "license": "MIT",
            "dependencies": {
                "whatwg-encoding": "^3.1.1"
            },
            "engines": {
                "node": ">=18"
            }
        },
        "node_modules/http-proxy-agent": {
            "version": "7.0.2",
            "resolved": "https://registry.npmjs.org/http-proxy-agent/-/http-proxy-agent-7.0.2.tgz",
            "integrity": "sha512-T1gkAiYYDWYx3V5Bmyu7HcfcvL7mUrTWiM6yOfa3PIphViJ/gFPbvidQ+veqSOHci/PxBcDabeUNCzpOODJZig==",
            "dev": true,
            "license": "MIT",
            "dependencies": {
                "agent-base": "^7.1.0",
                "debug": "^4.3.4"
            },
            "engines": {
                "node": ">= 14"
            }
        },
        "node_modules/http-proxy-agent/node_modules/debug": {
            "version": "4.4.3",
            "resolved": "https://registry.npmjs.org/debug/-/debug-4.4.3.tgz",
            "integrity": "sha512-RGwwWnwQvkVfavKVt22FGLw+xYSdzARwm0ru6DhTVA3umU5hZc28V3kO4stgYryrTlLpuvgI9GiijltAjNbcqA==",
            "dev": true,
            "license": "MIT",
            "dependencies": {
                "ms": "^2.1.3"
            },
            "engines": {
                "node": ">=6.0"
            },
            "peerDependenciesMeta": {
                "supports-color": {
                    "optional": true
                }
            }
        },
        "node_modules/http-proxy-agent/node_modules/ms": {
            "version": "2.1.3",
            "resolved": "https://registry.npmjs.org/ms/-/ms-2.1.3.tgz",
            "integrity": "sha512-6FlzubTLZG3J2a/NVCAleEhjzq5oxgHyaCU9yYXvcLsvoVaHJq/s5xXI6/XXP6tz7R9xAOtHnSO/tXtF3WRTlA==",
            "dev": true,
            "license": "MIT"
        },
        "node_modules/https-proxy-agent": {
            "version": "7.0.6",
            "resolved": "https://registry.npmjs.org/https-proxy-agent/-/https-proxy-agent-7.0.6.tgz",
            "integrity": "sha512-vK9P5/iUfdl95AI+JVyUuIcVtd4ofvtrOr3HNtM2yxC9bnMbEdp3x01OhQNnjb8IJYi38VlTE3mBXwcfvywuSw==",
            "dev": true,
            "license": "MIT",
            "dependencies": {
                "agent-base": "^7.1.2",
                "debug": "4"
            },
            "engines": {
                "node": ">= 14"
            }
        },
        "node_modules/https-proxy-agent/node_modules/debug": {
            "version": "4.4.3",
            "resolved": "https://registry.npmjs.org/debug/-/debug-4.4.3.tgz",
            "integrity": "sha512-RGwwWnwQvkVfavKVt22FGLw+xYSdzARwm0ru6DhTVA3umU5hZc28V3kO4stgYryrTlLpuvgI9GiijltAjNbcqA==",
            "dev": true,
            "license": "MIT",
            "dependencies": {
                "ms": "^2.1.3"
            },
            "engines": {
                "node": ">=6.0"
            },
            "peerDependenciesMeta": {
                "supports-color": {
                    "optional": true
                }
            }
        },
        "node_modules/https-proxy-agent/node_modules/ms": {
            "version": "2.1.3",
            "resolved": "https://registry.npmjs.org/ms/-/ms-2.1.3.tgz",
            "integrity": "sha512-6FlzubTLZG3J2a/NVCAleEhjzq5oxgHyaCU9yYXvcLsvoVaHJq/s5xXI6/XXP6tz7R9xAOtHnSO/tXtF3WRTlA==",
            "dev": true,
            "license": "MIT"
        },
        "node_modules/iconv-lite": {
            "version": "0.6.3",
            "resolved": "https://registry.npmjs.org/iconv-lite/-/iconv-lite-0.6.3.tgz",
            "integrity": "sha512-4fCk79wshMdzMp2rH06qWrJE4iolqLhCUH+OiuIgU++RB0+94NlDL81atO7GX55uUKueo0txHNtvEyI6D7WdMw==",
            "dev": true,
            "license": "MIT",
            "dependencies": {
                "safer-buffer": ">= 2.1.2 < 3.0.0"
            },
            "engines": {
                "node": ">=0.10.0"
            }
        },
        "node_modules/is-potential-custom-element-name": {
            "version": "1.0.1",
            "resolved": "https://registry.npmjs.org/is-potential-custom-element-name/-/is-potential-custom-element-name-1.0.1.tgz",
            "integrity": "sha512-bCYeRA2rVibKZd+s2625gGnGF/t7DSqDs4dP7CrLA1m7jKWz6pps0LpYLJN8Q64HtmPKJ1hrN3nzPNKFEKOUiQ==",
            "dev": true,
            "license": "MIT"
        },
        "node_modules/is-what": {
            "version": "4.1.16",
            "resolved": "https://registry.npmjs.org/is-what/-/is-what-4.1.16.tgz",
            "integrity": "sha512-ZhMwEosbFJkA0YhFnNDgTM4ZxDRsS6HqTo7qsZM08fehyRYIYa0yHu5R6mgo1n/8MgaPBXiPimPD77baVFYg+A==",
            "dev": true,
            "license": "MIT",
            "engines": {
                "node": ">=12.13"
            },
            "funding": {
                "url": "https://github.com/sponsors/mesqueeb"
            }
        },
        "node_modules/jquery": {
            "version": "3.7.1",
            "resolved": "https://registry.npmjs.org/jquery/-/jquery-3.7.1.tgz",
            "integrity": "sha512-m4avr8yL8kmFN8psrbFFFmB/If14iN5o9nw/NgnnM+kybDJpRsAynV2BsfpTYrTRysYUdADVD7CkUUizgkpLfg==",
            "dev": true,
            "license": "MIT"
        },
        "node_modules/jquery-1.11.3": {
            "name": "jquery",
            "version": "1.11.3",
            "resolved": "https://registry.npmjs.org/jquery/-/jquery-1.11.3.tgz",
            "integrity": "sha512-pHM/XLofp0FJc0/0AsRm8q/5ob+a1kno+vfclXGozaMBPv3qD7Xq19loECVcBB4MOLdygnyneQMPTsH5QiVNBQ==",
            "deprecated": "This version is deprecated. Please upgrade to the latest version or find support at https://www.herodevs.com/support/jquery-nes.",
            "dev": true
        },
        "node_modules/jquery-1.12.4": {
            "name": "jquery",
            "version": "1.12.4",
            "resolved": "https://registry.npmjs.org/jquery/-/jquery-1.12.4.tgz",
            "integrity": "sha512-UEVp7PPK9xXYSk8xqXCJrkXnKZtlgWkd2GsAQbMRFK6S/ePU2JN5G2Zum8hIVjzR3CpdfSqdqAzId/xd4TJHeg==",
            "deprecated": "This version is deprecated. Please upgrade to the latest version or find support at https://www.herodevs.com/support/jquery-nes.",
            "dev": true,
            "license": "MIT"
        },
        "node_modules/jquery-2.1.4": {
            "name": "jquery",
            "version": "2.1.4",
            "resolved": "https://registry.npmjs.org/jquery/-/jquery-2.1.4.tgz",
            "integrity": "sha512-wWR+eCq/T/Qt0NcFyM+QVho0ZVzWxFYANijmSMImXiM5mjr1aOaf4SF0eOEPc92bbK2L2vDpxw3lIszus7eO8Q==",
            "deprecated": "This version is deprecated. Please upgrade to the latest version or find support at https://www.herodevs.com/support/jquery-nes.",
            "dev": true
        },
        "node_modules/jquery-2.2.4": {
            "name": "jquery",
            "version": "2.2.4",
            "resolved": "https://registry.npmjs.org/jquery/-/jquery-2.2.4.tgz",
            "integrity": "sha512-lBHj60ezci2u1v2FqnZIraShGgEXq35qCzMv4lITyHGppTnA13rwR0MgwyNJh9TnDs3aXUvd1xjAotfraMHX/Q==",
            "deprecated": "This version is deprecated. Please upgrade to the latest version or find support at https://www.herodevs.com/support/jquery-nes.",
            "dev": true,
            "license": "MIT"
        },
        "node_modules/jquery-3.0.0": {
            "name": "jquery",
            "version": "3.0.0",
            "resolved": "https://registry.npmjs.org/jquery/-/jquery-3.0.0.tgz",
            "integrity": "sha512-jECOt1lOmmGYGL44KEMokUD0C6aVODXaF7NuFux3BWUTtvJ5Rdy7vUZu3q4ip4uSZI8gNqAm5dVk75YnoyYu4Q==",
            "deprecated": "This version is deprecated. Please upgrade to the latest version or find support at https://www.herodevs.com/support/jquery-nes.",
            "dev": true,
            "license": "MIT"
        },
        "node_modules/jquery-3.1.1": {
            "name": "jquery",
            "version": "3.1.1",
            "resolved": "https://registry.npmjs.org/jquery/-/jquery-3.1.1.tgz",
            "integrity": "sha512-zuiWRmx65Kd1oFGdWLvAjbsumdOBFvs3r1vuqCyKFF79R7exBHNbiNEJ8LR+xkzgfxqBznMD/4Cv6PHXS6mvEw==",
            "deprecated": "This version is deprecated. Please upgrade to the latest version or find support at https://www.herodevs.com/support/jquery-nes.",
            "dev": true,
            "license": "MIT"
        },
        "node_modules/jquery-3.2.1": {
            "name": "jquery",
            "version": "3.2.1",
            "resolved": "https://registry.npmjs.org/jquery/-/jquery-3.2.1.tgz",
            "integrity": "sha512-iQUctXqe/nSa7hshPkQnJaJEUfxM139//hg2nJj+wsqVvd/YgXALR3jTNGh7BylgsyfcC8r4i2cJrClGBkDu5Q==",
            "deprecated": "This version is deprecated. Please upgrade to the latest version or find support at https://www.herodevs.com/support/jquery-nes.",
            "dev": true,
            "license": "MIT"
        },
        "node_modules/jquery-3.3.1": {
            "name": "jquery",
            "version": "3.3.1",
            "resolved": "https://registry.npmjs.org/jquery/-/jquery-3.3.1.tgz",
            "integrity": "sha512-Ubldcmxp5np52/ENotGxlLe6aGMvmF4R8S6tZjsP6Knsaxd/xp3Zrh50cG93lR6nPXyUFwzN3ZSOQI0wRJNdGg==",
            "deprecated": "This version is deprecated. Please upgrade to the latest version or find support at https://www.herodevs.com/support/jquery-nes.",
            "dev": true,
            "license": "MIT"
        },
        "node_modules/jquery-3.4.1": {
            "name": "jquery",
            "version": "3.4.1",
            "resolved": "https://registry.npmjs.org/jquery/-/jquery-3.4.1.tgz",
            "integrity": "sha512-36+AdBzCL+y6qjw5Tx7HgzeGCzC81MDDgaUP8ld2zhx58HdqXGoBd+tHdrBMiyjGQs0Hxs/MLZTu/eHNJJuWPw==",
            "deprecated": "This version is deprecated. Please upgrade to the latest version or find support at https://www.herodevs.com/support/jquery-nes.",
            "dev": true,
            "license": "MIT"
        },
        "node_modules/jquery-3.5.1": {
            "name": "jquery",
            "version": "3.5.1",
            "resolved": "https://registry.npmjs.org/jquery/-/jquery-3.5.1.tgz",
            "integrity": "sha512-XwIBPqcMn57FxfT+Go5pzySnm4KWkT1Tv7gjrpT1srtf8Weynl6R273VJ5GjkRb51IzMp5nbaPjJXMWeju2MKg==",
            "dev": true,
            "license": "MIT"
        },
        "node_modules/jquery-3.6.4": {
            "name": "jquery",
            "version": "3.6.4",
            "resolved": "https://registry.npmjs.org/jquery/-/jquery-3.6.4.tgz",
            "integrity": "sha512-v28EW9DWDFpzcD9O5iyJXg3R3+q+mET5JhnjJzQUZMHOv67bpSIHq81GEYpPNZHG+XXHsfSme3nxp/hndKEcsQ==",
            "dev": true,
            "license": "MIT"
        },
        "node_modules/jquery-3.7.1": {
            "name": "jquery",
            "version": "3.7.1",
            "resolved": "https://registry.npmjs.org/jquery/-/jquery-3.7.1.tgz",
            "integrity": "sha512-m4avr8yL8kmFN8psrbFFFmB/If14iN5o9nw/NgnnM+kybDJpRsAynV2BsfpTYrTRysYUdADVD7CkUUizgkpLfg==",
            "dev": true,
            "license": "MIT"
        },
        "node_modules/jquery-4.0.0": {
            "name": "jquery",
            "version": "4.0.0",
            "resolved": "https://registry.npmjs.org/jquery/-/jquery-4.0.0.tgz",
            "integrity": "sha512-TXCHVR3Lb6TZdtw1l3RTLf8RBWVGexdxL6AC8/e0xZKEpBflBsjh9/8LXw+dkNFuOyW9B7iB3O1sP7hS0Kiacg==",
            "dev": true,
            "license": "MIT"
        },
        "node_modules/jsdom": {
            "version": "26.1.0",
            "resolved": "https://registry.npmjs.org/jsdom/-/jsdom-26.1.0.tgz",
            "integrity": "sha512-Cvc9WUhxSMEo4McES3P7oK3QaXldCfNWp7pl2NNeiIFlCoLr3kfq9kb1fxftiwk1FLV7CvpvDfonxtzUDeSOPg==",
            "dev": true,
            "license": "MIT",
            "dependencies": {
                "cssstyle": "^4.2.1",
                "data-urls": "^5.0.0",
                "decimal.js": "^10.5.0",
                "html-encoding-sniffer": "^4.0.0",
                "http-proxy-agent": "^7.0.2",
                "https-proxy-agent": "^7.0.6",
                "is-potential-custom-element-name": "^1.0.1",
                "nwsapi": "^2.2.16",
                "parse5": "^7.2.1",
                "rrweb-cssom": "^0.8.0",
                "saxes": "^6.0.0",
                "symbol-tree": "^3.2.4",
                "tough-cookie": "^5.1.1",
                "w3c-xmlserializer": "^5.0.0",
                "webidl-conversions": "^7.0.0",
                "whatwg-encoding": "^3.1.1",
                "whatwg-mimetype": "^4.0.0",
                "whatwg-url": "^14.1.1",
                "ws": "^8.18.0",
                "xml-name-validator": "^5.0.0"
            },
            "engines": {
                "node": ">=18"
            },
            "peerDependencies": {
                "canvas": "^3.0.0"
            },
            "peerDependenciesMeta": {
                "canvas": {
                    "optional": true
                }
            }
        },
        "node_modules/less": {
            "version": "4.9.0",
            "resolved": "https://registry.npmjs.org/less/-/less-4.9.0.tgz",
            "integrity": "sha512-umRhrCH7fCi8Uj2RcwKjJdvUORTjeWqkdKx0LbcZvjIwsAVsnIAGcxHaqowPeBFBjQuWOeC/bve0AlpFzF/+SQ==",
            "dev": true,
            "license": "Apache-2.0",
            "dependencies": {
                "copy-anything": "^3.0.5",
                "parse-node-version": "^1.0.1"
            },
            "bin": {
                "lessc": "bin/lessc"
            },
            "engines": {
                "node": ">=18"
            },
            "optionalDependencies": {
                "errno": "^0.1.1",
                "graceful-fs": "^4.1.2",
                "make-dir": "^5.1.0",
                "mime": "^1.4.1",
                "needle": "^3.1.0",
                "probe-image-size": "^7.2.3",
                "source-map": "~0.6.0"
            }
        },
        "node_modules/lodash.merge": {
            "version": "4.6.2",
            "resolved": "https://registry.npmjs.org/lodash.merge/-/lodash.merge-4.6.2.tgz",
            "integrity": "sha512-0KpjqXRVvrYyCsX1swR/XTK0va6VQkQM6MNo7PqW77ByjAhoARA8EfrP1N4+KlKj8YS0ZUCtRT/YUuhyYDujIQ==",
            "dev": true,
            "license": "MIT",
            "optional": true
        },
        "node_modules/lru-cache": {
            "version": "10.4.3",
            "resolved": "https://registry.npmjs.org/lru-cache/-/lru-cache-10.4.3.tgz",
            "integrity": "sha512-JNAzZcXrCt42VGLuYz0zfAzDfAvJWW6AfYlDBQyDV5DClI2m5sAmK+OIO7s59XfsRsWHp02jAJrRadPRGTt6SQ==",
            "dev": true,
            "license": "ISC"
        },
        "node_modules/make-dir": {
            "version": "5.1.0",
            "resolved": "https://registry.npmjs.org/make-dir/-/make-dir-5.1.0.tgz",
            "integrity": "sha512-IfpFq6UM39dUNiphpA6uDezNx/AvWyhwfICWPR3t1VspkgkMZrL+Rk1RbN1bx+aeNYwOrqGJgEgV3yotk+ZUVw==",
            "dev": true,
            "license": "MIT",
            "optional": true,
            "engines": {
                "node": ">=18"
            },
            "funding": {
                "url": "https://github.com/sponsors/sindresorhus"
            }
        },
        "node_modules/mime": {
            "version": "1.6.0",
            "resolved": "https://registry.npmjs.org/mime/-/mime-1.6.0.tgz",
            "integrity": "sha512-x0Vn8spI+wuJ1O6S7gnbaQg8Pxh4NNHb7KSINmEWKiPE4RKOplvijn+NkmYmmRgP68mc70j2EbeTFRsrswaQeg==",
            "dev": true,
            "license": "MIT",
            "optional": true,
            "bin": {
                "mime": "cli.js"
            },
            "engines": {
                "node": ">=4"
            }
        },
        "node_modules/ms": {
            "version": "2.0.0",
            "resolved": "https://registry.npmjs.org/ms/-/ms-2.0.0.tgz",
            "integrity": "sha512-Tpp60P6IUJDTuOq/5Z8cdskzJujfwqfOTkrwIwj7IRISpnkJnT6SyJ4PCPnGMoFjC9ddhal5KVIYtAt97ix05A==",
            "dev": true,
            "license": "MIT",
            "optional": true
        },
        "node_modules/needle": {
            "version": "3.5.0",
            "resolved": "https://registry.npmjs.org/needle/-/needle-3.5.0.tgz",
            "integrity": "sha512-jaQyPKKk2YokHrEg+vFDYxXIHTCBgiZwSHOoVx/8V3GIBS8/VN6NdVRmg8q1ERtPkMvmOvebsgga4sAj5hls/w==",
            "dev": true,
            "license": "MIT",
            "optional": true,
            "dependencies": {
                "iconv-lite": "^0.6.3",
                "sax": "^1.2.4"
            },
            "bin": {
                "needle": "bin/needle"
            },
            "engines": {
                "node": ">= 4.4.x"
            }
        },
        "node_modules/nwsapi": {
            "version": "2.2.24",
            "resolved": "https://registry.npmjs.org/nwsapi/-/nwsapi-2.2.24.tgz",
            "integrity": "sha512-7YRhZ3jS45LwmSCT4b2sVFHt/WuovaktDU07QrtOBY2PXskss5a9jfmR9jptyumwXST+rFjrmppMY1KT/yn35A==",
            "dev": true,
            "license": "MIT"
        },
        "node_modules/parse-node-version": {
            "version": "1.0.1",
            "resolved": "https://registry.npmjs.org/parse-node-version/-/parse-node-version-1.0.1.tgz",
            "integrity": "sha512-3YHlOa/JgH6Mnpr05jP9eDG254US9ek25LyIxZlDItp2iJtwyaXQb57lBYLdT3MowkUFYEV2XXNAYIPlESvJlA==",
            "dev": true,
            "license": "MIT",
            "engines": {
                "node": ">= 0.10"
            }
        },
        "node_modules/parse5": {
            "version": "7.3.0",
            "resolved": "https://registry.npmjs.org/parse5/-/parse5-7.3.0.tgz",
            "integrity": "sha512-IInvU7fabl34qmi9gY8XOVxhYyMyuH2xUNpb2q8/Y+7552KlejkRvqvD19nMoUW/uQGGbqNpA6Tufu5FL5BZgw==",
            "dev": true,
            "license": "MIT",
            "dependencies": {
                "entities": "^6.0.0"
            },
            "funding": {
                "url": "https://github.com/inikulin/parse5?sponsor=1"
            }
        },
        "node_modules/playwright": {
            "version": "1.62.1",
            "resolved": "https://registry.npmjs.org/playwright/-/playwright-1.62.1.tgz",
            "integrity": "sha512-0M+L3LAD8/nm554LOla9Ayx0j0tmFZ0FBcoQ7F1VuVHpM/XpiC8RcDzBQB8W5+hA8L22THxELzeF+2WcUzvcLg==",
            "dev": true,
            "license": "Apache-2.0",
            "dependencies": {
                "playwright-core": "1.62.1"
            },
            "bin": {
                "playwright": "cli.js"
            },
            "engines": {
                "node": ">=20"
            },
            "optionalDependencies": {
                "fsevents": "2.3.2"
            }
        },
        "node_modules/playwright-core": {
            "version": "1.62.1",
            "resolved": "https://registry.npmjs.org/playwright-core/-/playwright-core-1.62.1.tgz",
            "integrity": "sha512-wPYSwEBJY9GHraISXqyqtx0na0LpO3XEX7jNDhntbex7tzUS7kLnZsOlFruFJB4Hi/rhDMjXGqHewDZ68nYZVw==",
            "dev": true,
            "license": "Apache-2.0",
            "bin": {
                "playwright-core": "cli.js"
            },
            "engines": {
                "node": ">=20"
            }
        },
        "node_modules/probe-image-size": {
            "version": "7.4.0",
            "resolved": "https://registry.npmjs.org/probe-image-size/-/probe-image-size-7.4.0.tgz",
            "integrity": "sha512-cdEprVtZxV+awMde9X+4jILBFYh4CARxVrQaMl4wY4YcPWbul9jntXrIW95NInBDyJwcVUP3U0T6yukN8rMBaQ==",
            "dev": true,
            "funding": [
                {
                    "type": "github",
                    "url": "https://github.com/sponsors/puzrin"
                },
                {
                    "type": "github",
                    "url": "https://github.com/sponsors/nodeca"
                }
            ],
            "license": "MIT",
            "optional": true,
            "dependencies": {
                "lodash.merge": "^4.6.2",
                "needle": "^2.5.2",
                "stream-parser": "~0.3.1"
            }
        },
        "node_modules/probe-image-size/node_modules/debug": {
            "version": "3.2.7",
            "resolved": "https://registry.npmjs.org/debug/-/debug-3.2.7.tgz",
            "integrity": "sha512-CFjzYYAi4ThfiQvizrFQevTTXHtnCqWfe7x1AhgEscTz6ZbLbfoLRLPugTQyBth6f8ZERVUSyWHFD/7Wu4t1XQ==",
            "dev": true,
            "license": "MIT",
            "optional": true,
            "dependencies": {
                "ms": "^2.1.1"
            }
        },
        "node_modules/probe-image-size/node_modules/iconv-lite": {
            "version": "0.4.24",
            "resolved": "https://registry.npmjs.org/iconv-lite/-/iconv-lite-0.4.24.tgz",
            "integrity": "sha512-v3MXnZAcvnywkTUEZomIActle7RXXeedOR31wwl7VlyoXO4Qi9arvSenNQWne1TcRwhCL1HwLI21bEqdpj8/rA==",
            "dev": true,
            "license": "MIT",
            "optional": true,
            "dependencies": {
                "safer-buffer": ">= 2.1.2 < 3"
            },
            "engines": {
                "node": ">=0.10.0"
            }
        },
        "node_modules/probe-image-size/node_modules/ms": {
            "version": "2.1.3",
            "resolved": "https://registry.npmjs.org/ms/-/ms-2.1.3.tgz",
            "integrity": "sha512-6FlzubTLZG3J2a/NVCAleEhjzq5oxgHyaCU9yYXvcLsvoVaHJq/s5xXI6/XXP6tz7R9xAOtHnSO/tXtF3WRTlA==",
            "dev": true,
            "license": "MIT",
            "optional": true
        },
        "node_modules/probe-image-size/node_modules/needle": {
            "version": "2.9.1",
            "resolved": "https://registry.npmjs.org/needle/-/needle-2.9.1.tgz",
            "integrity": "sha512-6R9fqJ5Zcmf+uYaFgdIHmLwNldn5HbK8L5ybn7Uz+ylX/rnOsSp1AHcvQSrCaFN+qNM1wpymHqD7mVasEOlHGQ==",
            "dev": true,
            "license": "MIT",
            "optional": true,
            "dependencies": {
                "debug": "^3.2.6",
                "iconv-lite": "^0.4.4",
                "sax": "^1.2.4"
            },
            "bin": {
                "needle": "bin/needle"
            },
            "engines": {
                "node": ">= 4.4.x"
            }
        },
        "node_modules/prr": {
            "version": "1.0.1",
            "resolved": "https://registry.npmjs.org/prr/-/prr-1.0.1.tgz",
            "integrity": "sha512-yPw4Sng1gWghHQWj0B3ZggWUm4qVbPwPFcRG8KyxiU7J2OHFSoEHKS+EZ3fv5l1t9CyCiop6l/ZYeWbrgoQejw==",
            "dev": true,
            "license": "MIT",
            "optional": true
        },
        "node_modules/punycode": {
            "version": "2.3.1",
            "resolved": "https://registry.npmjs.org/punycode/-/punycode-2.3.1.tgz",
            "integrity": "sha512-vYt7UD1U9Wg6138shLtLOvdAu+8DsC/ilFtEVHcH+wydcSpNE20AfSOduf6MkRFahL5FY7X1oU7nKVZFtfq8Fg==",
            "dev": true,
            "license": "MIT",
            "engines": {
                "node": ">=6"
            }
        },
        "node_modules/rrweb-cssom": {
            "version": "0.8.0",
            "resolved": "https://registry.npmjs.org/rrweb-cssom/-/rrweb-cssom-0.8.0.tgz",
            "integrity": "sha512-guoltQEx+9aMf2gDZ0s62EcV8lsXR+0w8915TC3ITdn2YueuNjdAYh/levpU9nFaoChh9RUS5ZdQMrKfVEN9tw==",
            "dev": true,
            "license": "MIT"
        },
        "node_modules/safer-buffer": {
            "version": "2.1.2",
            "resolved": "https://registry.npmjs.org/safer-buffer/-/safer-buffer-2.1.2.tgz",
            "integrity": "sha512-YZo3K82SD7Riyi0E1EQPojLz7kpepnSQI9IyPbHHg1XXXevb5dJI7tpyN2ADxGcQbHG7vcyRHk0cbwqcQriUtg==",
            "dev": true,
            "license": "MIT"
        },
        "node_modules/sax": {
            "version": "1.6.1",
            "resolved": "https://registry.npmjs.org/sax/-/sax-1.6.1.tgz",
            "integrity": "sha512-42tBVwLWnaQvW5zc4HbZrTuWccECCZfBi92FDuwtqxasH+JbPB3/FOKb1m222K42R4WxuxzzMsTswfzgtSu64Q==",
            "dev": true,
            "license": "BlueOak-1.0.0",
            "optional": true,
            "engines": {
                "node": ">=11.0.0"
            }
        },
        "node_modules/saxes": {
            "version": "6.0.0",
            "resolved": "https://registry.npmjs.org/saxes/-/saxes-6.0.0.tgz",
            "integrity": "sha512-xAg7SOnEhrm5zI3puOOKyy1OMcMlIJZYNJY7xLBwSze0UjhPLnWfj2GF2EpT0jmzaJKIWKHLsaSSajf35bcYnA==",
            "dev": true,
            "license": "ISC",
            "dependencies": {
                "xmlchars": "^2.2.0"
            },
            "engines": {
                "node": ">=v12.22.7"
            }
        },
        "node_modules/source-map": {
            "version": "0.6.1",
            "resolved": "https://registry.npmjs.org/source-map/-/source-map-0.6.1.tgz",
            "integrity": "sha512-UjgapumWlbMhkBgzT7Ykc5YXUT46F0iKu8SGXq0bcwP5dz/h0Plj6enJqjz1Zbq2l5WaqYnrVbwWOWMyF3F47g==",
            "dev": true,
            "license": "BSD-3-Clause",
            "engines": {
                "node": ">=0.10.0"
            }
        },
        "node_modules/stream-parser": {
            "version": "0.3.1",
            "resolved": "https://registry.npmjs.org/stream-parser/-/stream-parser-0.3.1.tgz",
            "integrity": "sha512-bJ/HgKq41nlKvlhccD5kaCr/P+Hu0wPNKPJOH7en+YrJu/9EgqUF+88w5Jb6KNcjOFMhfX4B2asfeAtIGuHObQ==",
            "dev": true,
            "license": "MIT",
            "optional": true,
            "dependencies": {
                "debug": "2"
            }
        },
        "node_modules/symbol-tree": {
            "version": "3.2.4",
            "resolved": "https://registry.npmjs.org/symbol-tree/-/symbol-tree-3.2.4.tgz",
            "integrity": "sha512-9QNk5KwDF+Bvz+PyObkmSYjI5ksVUYtjW7AU22r2NKcfLJcXp96hkDWU3+XndOsUb+AQ9QhfzfCT2O+CNWT5Tw==",
            "dev": true,
            "license": "MIT"
        },
        "node_modules/tldts": {
            "version": "6.1.86",
            "resolved": "https://registry.npmjs.org/tldts/-/tldts-6.1.86.tgz",
            "integrity": "sha512-WMi/OQ2axVTf/ykqCQgXiIct+mSQDFdH2fkwhPwgEwvJ1kSzZRiinb0zF2Xb8u4+OqPChmyI6MEu4EezNJz+FQ==",
            "dev": true,
            "license": "MIT",
            "dependencies": {
                "tldts-core": "^6.1.86"
            },
            "bin": {
                "tldts": "bin/cli.js"
            }
        },
        "node_modules/tldts-core": {
            "version": "6.1.86",
            "resolved": "https://registry.npmjs.org/tldts-core/-/tldts-core-6.1.86.tgz",
            "integrity": "sha512-Je6p7pkk+KMzMv2XXKmAE3McmolOQFdxkKw0R8EYNr7sELW46JqnNeTX8ybPiQgvg1ymCoF8LXs5fzFaZvJPTA==",
            "dev": true,
            "license": "MIT"
        },
        "node_modules/tough-cookie": {
            "version": "5.1.2",
            "resolved": "https://registry.npmjs.org/tough-cookie/-/tough-cookie-5.1.2.tgz",
            "integrity": "sha512-FVDYdxtnj0G6Qm/DhNPSb8Ju59ULcup3tuJxkFb5K8Bv2pUXILbf0xZWU8PX8Ov19OXljbUyveOFwRMwkXzO+A==",
            "dev": true,
            "license": "BSD-3-Clause",
            "dependencies": {
                "tldts": "^6.1.32"
            },
            "engines": {
                "node": ">=16"
            }
        },
        "node_modules/tr46": {
            "version": "5.1.1",
            "resolved": "https://registry.npmjs.org/tr46/-/tr46-5.1.1.tgz",
            "integrity": "sha512-hdF5ZgjTqgAntKkklYw0R03MG2x/bSzTtkxmIRw/sTNV8YXsCJ1tfLAX23lhxhHJlEf3CRCOCGGWw3vI3GaSPw==",
            "dev": true,
            "license": "MIT",
            "dependencies": {
                "punycode": "^2.3.1"
            },
            "engines": {
                "node": ">=18"
            }
        },
        "node_modules/uglify-js": {
            "version": "3.19.3",
            "resolved": "https://registry.npmjs.org/uglify-js/-/uglify-js-3.19.3.tgz",
            "integrity": "sha512-v3Xu+yuwBXisp6QYTcH4UbH+xYJXqnq2m/LtQVWKWzYc1iehYnLixoQDN9FH6/j9/oybfd6W9Ghwkl8+UMKTKQ==",
            "dev": true,
            "license": "BSD-2-Clause",
            "bin": {
                "uglifyjs": "bin/uglifyjs"
            },
            "engines": {
                "node": ">=0.8.0"
            }
        },
        "node_modules/w3c-xmlserializer": {
            "version": "5.0.0",
            "resolved": "https://registry.npmjs.org/w3c-xmlserializer/-/w3c-xmlserializer-5.0.0.tgz",
            "integrity": "sha512-o8qghlI8NZHU1lLPrpi2+Uq7abh4GGPpYANlalzWxyWteJOCsr/P+oPBA49TOLu5FTZO4d3F9MnWJfiMo4BkmA==",
            "dev": true,
            "license": "MIT",
            "dependencies": {
                "xml-name-validator": "^5.0.0"
            },
            "engines": {
                "node": ">=18"
            }
        },
        "node_modules/webidl-conversions": {
            "version": "7.0.0",
            "resolved": "https://registry.npmjs.org/webidl-conversions/-/webidl-conversions-7.0.0.tgz",
            "integrity": "sha512-VwddBukDzu71offAQR975unBIGqfKZpM+8ZX6ySk8nYhVoo5CYaZyzt3YBvYtRtO+aoGlqxPg/B87NGVZ/fu6g==",
            "dev": true,
            "license": "BSD-2-Clause",
            "engines": {
                "node": ">=12"
            }
        },
        "node_modules/whatwg-encoding": {
            "version": "3.1.1",
            "resolved": "https://registry.npmjs.org/whatwg-encoding/-/whatwg-encoding-3.1.1.tgz",
            "integrity": "sha512-6qN4hJdMwfYBtE3YBTTHhoeuUrDBPZmbQaxWAqSALV/MeEnR5z1xd8UKud2RAkFoPkmB+hli1TZSnyi84xz1vQ==",
            "deprecated": "Use @exodus/bytes instead for a more spec-conformant and faster implementation",
            "dev": true,
            "license": "MIT",
            "dependencies": {
                "iconv-lite": "0.6.3"
            },
            "engines": {
                "node": ">=18"
            }
        },
        "node_modules/whatwg-mimetype": {
            "version": "4.0.0",
            "resolved": "https://registry.npmjs.org/whatwg-mimetype/-/whatwg-mimetype-4.0.0.tgz",
            "integrity": "sha512-QaKxh0eNIi2mE9p2vEdzfagOKHCcj1pJ56EEHGQOVxp8r9/iszLUUV7v89x9O1p/T+NlTM5W7jW6+cz4Fq1YVg==",
            "dev": true,
            "license": "MIT",
            "engines": {
                "node": ">=18"
            }
        },
        "node_modules/whatwg-url": {
            "version": "14.2.0",
            "resolved": "https://registry.npmjs.org/whatwg-url/-/whatwg-url-14.2.0.tgz",
            "integrity": "sha512-De72GdQZzNTUBBChsXueQUnPKDkg/5A5zp7pFDuQAj5UFoENpiACU0wlCvzpAGnTkj++ihpKwKyYewn/XNUbKw==",
            "dev": true,
            "license": "MIT",
            "dependencies": {
                "tr46": "^5.1.0",
                "webidl-conversions": "^7.0.0"
            },
            "engines": {
                "node": ">=18"
            }
        },
        "node_modules/ws": {
            "version": "8.21.3",
            "resolved": "https://registry.npmjs.org/ws/-/ws-8.21.3.tgz",
            "integrity": "sha512-201TZ/kPWxoPr/OKWjquZR1SWKXcvxdH+e1xrx89b3YbmzLMFCLfnaG1HFIgWzJOEWZ7MvpK++odZufgYR50Rw==",
            "dev": true,
            "license": "MIT",
            "engines": {
                "node": ">=10.0.0"
            },
            "peerDependencies": {
                "bufferutil": "^4.0.1",
                "utf-8-validate": ">=5.0.2"
            },
            "peerDependenciesMeta": {
                "bufferutil": {
                    "optional": true
                },
                "utf-8-validate": {
                    "optional": true
                }
            }
        },
        "node_modules/xml-name-validator": {
            "version": "5.0.0",
            "resolved": "https://registry.npmjs.org/xml-name-validator/-/xml-name-validator-5.0.0.tgz",
            "integrity": "sha512-EvGK8EJ3DhaHfbRlETOWAS5pO9MZITeauHKJyb8wyajUfQUenkIg2MvLDTZ4T/TgIcm3HU0TFBgWWboAZ30UHg==",
            "dev": true,
            "license": "Apache-2.0",
            "engines": {
                "node": ">=18"
            }
        },
        "node_modules/xmlchars": {
            "version": "2.2.0",
            "resolved": "https://registry.npmjs.org/xmlchars/-/xmlchars-2.2.0.tgz",
            "integrity": "sha512-JZnDKK8B0RCDw84FNdDAIpZK+JuJw+s7Lz8nksI7SIuU3UXJJslUthsi+uWBUYOwPFwW7W7PRLRfUKpxjtjFCw==",
            "dev": true,
            "license": "MIT"
        }
    }
}
